
Microsoft Visual Studio Solution File, Format Version 12.00
# Visual Studio Version 17
VisualStudioVersion = 17.6.33815.320
MinimumVisualStudioVersion = 10.0.40219.1
Project("{FAE04EC0-301F-11D3-BF4B-00C04F79EFBC}") = "pattern", "pattern.csproj", "{C25F6580-E762-4A91-BD85-DCD53E9CD63D}"
EndProject
Global
	GlobalSection(SolutionConfigurationPlatforms) = preSolution
		Debug|Any CPU = Debug|Any CPU
		Release|Any CPU = Release|Any CPU
	EndGlobalSection
	GlobalSection(ProjectConfigurationPlatforms) = postSolution
		{C25F6580-E762-4A91-BD85-DCD53E9CD63D}.Debug|Any CPU.ActiveCfg = Debug|Any CPU
		{C25F6580-E762-4A91-BD85-DCD53E9CD63D}.Debug|Any CPU.Build.0 = Debug|Any CPU
		{C25F6580-E762-4A91-BD85-DCD53E9CD63D}.Release|Any CPU.ActiveCfg = Release|Any CPU
		{C25F6580-E762-4A91-BD85-DCD53E9CD63D}.Release|Any CPU.Build.0 = Release|Any CPU
	EndGlobalSection
	GlobalSection(SolutionProperties) = preSolution
		HideSolutionNode = FALSE
	EndGlobalSection
	GlobalSection(ExtensibilityGlobals) = postSolution
		SolutionGuid = {497C01EF-E375-489B-B5B3-276D56327B0A}
	EndGlobalSection
EndGlobal
